
Microsoft Visual Studio Solution File, Format Version 12.00
# Visual Studio Version 16
VisualStudioVersion = 16.0.32126.315
MinimumVisualStudioVersion = 10.0.40219.1
Project("{FAE04EC0-301F-11D3-BF4B-00C04F79EFBC}") = "Console_App_Exam", "Console_App_Exam\Console_App_Exam.csproj", "{F5CE5BF4-5232-4D60-9082-18D737F1EE53}"
EndProject
Global
	GlobalSection(SolutionConfigurationPlatforms) = preSolution
		Debug|Any CPU = Debug|Any CPU
		Release|Any CPU = Release|Any CPU
	EndGlobalSection
	GlobalSection(ProjectConfigurationPlatforms) = postSolution
		{F5CE5BF4-5232-4D60-9082-18D737F1EE53}.Debug|Any CPU.ActiveCfg = Debug|Any CPU
		{F5CE5BF4-5232-4D60-9082-18D737F1EE53}.Debug|Any CPU.Build.0 = Debug|Any CPU
		{F5CE5BF4-5232-4D60-9082-18D737F1EE53}.Release|Any CPU.ActiveCfg = Release|Any CPU
		{F5CE5BF4-5232-4D60-9082-18D737F1EE53}.Release|Any CPU.Build.0 = Release|Any CPU
	EndGlobalSection
	GlobalSection(SolutionProperties) = preSolution
		HideSolutionNode = FALSE
	EndGlobalSection
	GlobalSection(ExtensibilityGlobals) = postSolution
		SolutionGuid = {97832051-7AA8-4701-90B2-803011EBA7A0}
	EndGlobalSection
EndGlobal
